
Microsoft Visual Studio Solution File, Format Version 12.00
# Visual Studio Version 16
VisualStudioVersion = 16.0.30907.101
MinimumVisualStudioVersion = 10.0.40219.1
Project("{9A19103F-16F7-4668-BE54-9A1E7A4F7556}") = "pdsatracker", "pdsatracker.csproj", "{FF5EC2F3-2C4A-4806-BC22-C2B83FC72C26}"
EndProject
Global
	GlobalSection(SolutionConfigurationPlatforms) = preSolution
		Debug|Any CPU = Debug|Any CPU
		Release|Any CPU = Release|Any CPU
	EndGlobalSection
	GlobalSection(ProjectConfigurationPlatforms) = postSolution
		{FF5EC2F3-2C4A-4806-BC22-C2B83FC72C26}.Debug|Any CPU.ActiveCfg = Debug|Any CPU
		{FF5EC2F3-2C4A-4806-BC22-C2B83FC72C26}.Debug|Any CPU.Build.0 = Debug|Any CPU
		{FF5EC2F3-2C4A-4806-BC22-C2B83FC72C26}.Release|Any CPU.ActiveCfg = Release|Any CPU
		{FF5EC2F3-2C4A-4806-BC22-C2B83FC72C26}.Release|Any CPU.Build.0 = Release|Any CPU
	EndGlobalSection
	GlobalSection(SolutionProperties) = preSolution
		HideSolutionNode = FALSE
	EndGlobalSection
	GlobalSection(ExtensibilityGlobals) = postSolution
		SolutionGuid = {F5D3636D-71A9-4870-B1FA-6FAA524A2B6A}
	EndGlobalSection
EndGlobal
